PODS:
  - RxCocoa (2.5.0):
    - RxSwift (~> 2.5)
  - RxSwift (2.5.0)
  - RxSwiftDebugger (0.1):
    - RxSwift (~> 2.2)
    - Swifter
  - Swifter (1.1.4)

DEPENDENCIES:
  - RxCocoa
  - RxSwift
  - RxSwiftDebugger (from `..`)

EXTERNAL SOURCES:
  RxSwiftDebugger:
    :path: ".."

SPEC CHECKSUMS:
  RxCocoa: e1b1562e57a554d0fb2aabf9d71b637f177257c7
  RxSwift: 402b41a50e922a0368fc14cb3bc9f4427920e8ae
  RxSwiftDebugger: 11a889bed2d672a63175bd913023683685807fe2
  Swifter: a95fe83da8c1161855cb2fa86bbd730e90cabe3a

PODFILE CHECKSUM: 2360d41c96f3b02d9c68f9f53295047735383b69

COCOAPODS: 1.0.0
